
Microsoft Visual Studio Solution File, Format Version 12.00
# Visual Studio 15
VisualStudioVersion = 15.0.28307.168
MinimumVisualStudioVersion = 10.0.40219.1
Project("{9A19103F-16F7-4668-BE54-9A1E7A4F7556}") = "ServiceRegister", "ServiceRegister\ServiceRegister.csproj", "{BF77CD6E-9734-4F86-BFE8-996292F319FE}"
EndProject
Project("{9A19103F-16F7-4668-BE54-9A1E7A4F7556}") = "ServiceRegisterTests", "ServiceRegisterTests\ServiceRegisterTests.csproj", "{1D05DD58-7C28-4846-B46B-D672A98E28CC}"
	ProjectSection(ProjectDependencies) = postProject
		{A1185DB7-8B3D-4565-91F4-05D3FA895E98} = {A1185DB7-8B3D-4565-91F4-05D3FA895E98}
	EndProjectSection
EndProject
Project("{2150E333-8FDC-42A3-9474-1A3956D46DE8}") = "Tests", "Tests", "{8A3E7CC0-A0CB-4102-A934-7477B6CC4057}"
EndProject
Project("{FAE04EC0-301F-11D3-BF4B-00C04F79EFBC}") = "TestServiceLibrary", "TestServiceLibrary\TestServiceLibrary.csproj", "{A1185DB7-8B3D-4565-91F4-05D3FA895E98}"
	ProjectSection(ProjectDependencies) = postProject
		{BF77CD6E-9734-4F86-BFE8-996292F319FE} = {BF77CD6E-9734-4F86-BFE8-996292F319FE}
	EndProjectSection
EndProject
Global
	GlobalSection(SolutionConfigurationPlatforms) = preSolution
		Debug|Any CPU = Debug|Any CPU
		Release|Any CPU = Release|Any CPU
	EndGlobalSection
	GlobalSection(ProjectConfigurationPlatforms) = postSolution
		{BF77CD6E-9734-4F86-BFE8-996292F319FE}.Debug|Any CPU.ActiveCfg = Debug|Any CPU
		{BF77CD6E-9734-4F86-BFE8-996292F319FE}.Debug|Any CPU.Build.0 = Debug|Any CPU
		{BF77CD6E-9734-4F86-BFE8-996292F319FE}.Release|Any CPU.ActiveCfg = Release|Any CPU
		{BF77CD6E-9734-4F86-BFE8-996292F319FE}.Release|Any CPU.Build.0 = Release|Any CPU
		{1D05DD58-7C28-4846-B46B-D672A98E28CC}.Debug|Any CPU.ActiveCfg = Debug|Any CPU
		{1D05DD58-7C28-4846-B46B-D672A98E28CC}.Debug|Any CPU.Build.0 = Debug|Any CPU
		{1D05DD58-7C28-4846-B46B-D672A98E28CC}.Release|Any CPU.ActiveCfg = Release|Any CPU
		{1D05DD58-7C28-4846-B46B-D672A98E28CC}.Release|Any CPU.Build.0 = Release|Any CPU
		{A1185DB7-8B3D-4565-91F4-05D3FA895E98}.Debug|Any CPU.ActiveCfg = Debug|Any CPU
		{A1185DB7-8B3D-4565-91F4-05D3FA895E98}.Debug|Any CPU.Build.0 = Debug|Any CPU
		{A1185DB7-8B3D-4565-91F4-05D3FA895E98}.Release|Any CPU.ActiveCfg = Release|Any CPU
		{A1185DB7-8B3D-4565-91F4-05D3FA895E98}.Release|Any CPU.Build.0 = Release|Any CPU
	EndGlobalSection
	GlobalSection(SolutionProperties) = preSolution
		HideSolutionNode = FALSE
	EndGlobalSection
	GlobalSection(NestedProjects) = preSolution
		{1D05DD58-7C28-4846-B46B-D672A98E28CC} = {8A3E7CC0-A0CB-4102-A934-7477B6CC4057}
		{A1185DB7-8B3D-4565-91F4-05D3FA895E98} = {8A3E7CC0-A0CB-4102-A934-7477B6CC4057}
	EndGlobalSection
	GlobalSection(ExtensibilityGlobals) = postSolution
		SolutionGuid = {C1B6A4BE-44DB-441A-A60D-C51E01EFDA71}
	EndGlobalSection
EndGlobal
